// !$*UTF8*$!
{
	archiveVersion = 1;
	classes = {
	};
	objectVersion = 110;
	objects = {

/* Begin PBXContainerItemProxy section */
		841C28F8305C432A00E79B0F /* PBXContainerItemProxy */ = {
			isa = PBXContainerItemProxy;
			containerPortal = 841C28E2305C432800E79B0F /* Project object */;
			proxyType = 1;
			remoteGlobalIDString = 841C28E9305C432800E79B0F;
			remoteInfo = Clocks;
		};
		841C2902305C432A00E79B0F /* PBXContainerItemProxy */ = {
			isa = PBXContainerItemProxy;
			containerPortal = 841C28E2305C432800E79B0F /* Project object */;
			proxyType = 1;
			remoteGlobalIDString = 841C28E9305C432800E79B0F;
			remoteInfo = Clocks;
		};
/* End PBXContainerItemProxy section */

/* Begin PBXFileReference section */
		841C28EA305C432800E79B0F /* Clocks.app */ = {isa = PBXFileReference; explicitFileType = wrapper.application; includeInIndex = 0; path = Clocks.app; sourceTree = BUILT_PRODUCTS_DIR; };
		841C28F7305C432A00E79B0F /* ClocksTests.xctest */ = {isa = PBXFileReference; explicitFileType = wrapper.cfbundle; includeInIndex = 0; path = ClocksTests.xctest; sourceTree = BUILT_PRODUCTS_DIR; };
		841C2901305C432A00E79B0F /* ClocksUITests.xctest */ = {isa = PBXFileReference; explicitFileType = wrapper.cfbundle; includeInIndex = 0; path = ClocksUITests.xctest; sourceTree = BUILT_PRODUCTS_DIR; };
/* End PBXFileReference section */

/* Begin PBXFileSystemSynchronizedRootGroup section */
		841C28EC305C432800E79B0F /* Clocks */ = {
			isa = PBXFileSystemSynchronizedRootGroup;
			path = Clocks;
			sourceTree = "<group>";
		};
		841C28FA305C432A00E79B0F /* ClocksTests */ = {
			isa = PBXFileSystemSynchronizedRootGroup;
			path = ClocksTests;
			sourceTree = "<group>";
		};
		841C2904305C432A00E79B0F /* ClocksUITests */ = {
			isa = PBXFileSystemSynchronizedRootGroup;
			path = ClocksUITests;
			sourceTree = "<group>";
		};
/* End PBXFileSystemSynchronizedRootGroup section */

/* Begin PBXFrameworksBuildPhase section */
		841C28E7305C432800E79B0F /* Frameworks */ = {
			isa = PBXFrameworksBuildPhase;
			files = (
			);
		};
		841C28F4305C432A00E79B0F /* Frameworks */ = {
			isa = PBXFrameworksBuildPhase;
			files = (
			);
		};
		841C28FE305C432A00E79B0F /* Frameworks */ = {
			isa = PBXFrameworksBuildPhase;
			files = (
			);
		};
/* End PBXFrameworksBuildPhase section */

/* Begin PBXGroup section */
		841C28E1305C432800E79B0F = {
			isa = PBXGroup;
			children = (
				841C28EC305C432800E79B0F /* Clocks */,
				841C28FA305C432A00E79B0F /* ClocksTests */,
				841C2904305C432A00E79B0F /* ClocksUITests */,
				841C28EB305C432800E79B0F /* Products */,
			);
			sourceTree = "<group>";
		};
		841C28EB305C432800E79B0F /* Products */ = {
			isa = PBXGroup;
			children = (
				841C28EA305C432800E79B0F /* Clocks.app */,
				841C28F7305C432A00E79B0F /* ClocksTests.xctest */,
				841C2901305C432A00E79B0F /* ClocksUITests.xctest */,
			);
			name = Products;
			sourceTree = "<group>";
		};
/* End PBXGroup section */

/* Begin PBXNativeTarget section */
		841C28E9305C432800E79B0F /* Clocks */ = {
			isa = PBXNativeTarget;
			buildConfigurationList = 841C2909305C432A00E79B0F /* Build configuration list for PBXNativeTarget "Clocks" */;
			buildPhases = (
				841C28E6305C432800E79B0F /* Sources */,
				841C28E7305C432800E79B0F /* Frameworks */,
				841C28E8305C432800E79B0F /* Resources */,
			);
			buildRules = (
			);
			fileSystemSynchronizedGroups = (
				841C28EC305C432800E79B0F /* Clocks */,
			);
			name = Clocks;
			productName = Clocks;
			productReference = 841C28EA305C432800E79B0F /* Clocks.app */;
			productType = "com.apple.product-type.application";
		};
		841C28F6305C432A00E79B0F /* ClocksTests */ = {
			isa = PBXNativeTarget;
			buildConfigurationList = 841C290C305C432A00E79B0F /* Build configuration list for PBXNativeTarget "ClocksTests" */;
			buildPhases = (
				841C28F3305C432A00E79B0F /* Sources */,
				841C28F4305C432A00E79B0F /* Frameworks */,
				841C28F5305C432A00E79B0F /* Resources */,
			);
			buildRules = (
			);
			dependencies = (
				841C28F9305C432A00E79B0F /* PBXTargetDependency */,
			);
			fileSystemSynchronizedGroups = (
				841C28FA305C432A00E79B0F /* ClocksTests */,
			);
			name = ClocksTests;
			productName = ClocksTests;
			productReference = 841C28F7305C432A00E79B0F /* ClocksTests.xctest */;
			productType = "com.apple.product-type.bundle.unit-test";
		};
		841C2900305C432A00E79B0F /* ClocksUITests */ = {
			isa = PBXNativeTarget;
			buildConfigurationList = 841C290F305C432A00E79B0F /* Build configuration list for PBXNativeTarget "ClocksUITests" */;
			buildPhases = (
				841C28FD305C432A00E79B0F /* Sources */,
				841C28FE305C432A00E79B0F /* Frameworks */,
				841C28FF305C432A00E79B0F /* Resources */,
			);
			buildRules = (
			);
			dependencies = (
				841C2903305C432A00E79B0F /* PBXTargetDependency */,
			);
			fileSystemSynchronizedGroups = (
				841C2904305C432A00E79B0F /* ClocksUITests */,
			);
			name = ClocksUITests;
			productName = ClocksUITests;
			productReference = 841C2901305C432A00E79B0F /* ClocksUITests.xctest */;
			productType = "com.apple.product-type.bundle.ui-testing";
		};
/* End PBXNativeTarget section */

/* Begin PBXProject section */
		841C28E2305C432800E79B0F /* Project object */ = {
			isa = PBXProject;
			attributes = {
				BuildIndependentTargetsInParallel = 1;
				LastSwiftUpdateCheck = 2700;
				LastUpgradeCheck = 2700;
				TargetAttributes = {
					841C28E9305C432800E79B0F = {
						CreatedOnToolsVersion = 27.0;
					};
					841C28F6305C432A00E79B0F = {
						CreatedOnToolsVersion = 27.0;
						TestTargetID = 841C28E9305C432800E79B0F;
					};
					841C2900305C432A00E79B0F = {
						CreatedOnToolsVersion = 27.0;
						TestTargetID = 841C28E9305C432800E79B0F;
					};
				};
			};
			buildConfigurationList = 841C28E5305C432800E79B0F /* Build configuration list for PBXProject "Clocks" */;
			developmentRegion = en;
			hasScannedForEncodings = 0;
			knownRegions = (
				en,
				Base,
			);
			mainGroup = 841C28E1305C432800E79B0F;
			minimizedProjectReferenceProxies = 1;
			preferredProjectObjectVersion = 77;
			productRefGroup = 841C28EB305C432800E79B0F /* Products */;
			projectDirPath = "";
			projectRoot = "";
			targets = (
				841C28E9305C432800E79B0F /* Clocks */,
				841C28F6305C432A00E79B0F /* ClocksTests */,
				841C2900305C432A00E79B0F /* ClocksUITests */,
			);
		};
/* End PBXProject section */

/* Begin PBXResourcesBuildPhase section */
		841C28E8305C432800E79B0F /* Resources */ = {
			isa = PBXResourcesBuildPhase;
			files = (
			);
		};
		841C28F5305C432A00E79B0F /* Resources */ = {
			isa = PBXResourcesBuildPhase;
			files = (
			);
		};
		841C28FF305C432A00E79B0F /* Resources */ = {
			isa = PBXResourcesBuildPhase;
			files = (
			);
		};
/* End PBXResourcesBuildPhase section */

/* Begin PBXSourcesBuildPhase section */
		841C28E6305C432800E79B0F /* Sources */ = {
			isa = PBXSourcesBuildPhase;
			files = (
			);
		};
		841C28F3305C432A00E79B0F /* Sources */ = {
			isa = PBXSourcesBuildPhase;
			files = (
			);
		};
		841C28FD305C432A00E79B0F /* Sources */ = {
			isa = PBXSourcesBuildPhase;
			files = (
			);
		};
/* End PBXSourcesBuildPhase section */

/* Begin PBXTargetDependency section */
		841C28F9305C432A00E79B0F /* PBXTargetDependency */ = {
			isa = PBXTargetDependency;
			target = 841C28E9305C432800E79B0F /* Clocks */;
			targetProxy = 841C28F8305C432A00E79B0F /* PBXContainerItemProxy */;
		};
		841C2903305C432A00E79B0F /* PBXTargetDependency */ = {
			isa = PBXTargetDependency;
			target = 841C28E9305C432800E79B0F /* Clocks */;
			targetProxy = 841C2902305C432A00E79B0F /* PBXContainerItemProxy */;
		};
/* End PBXTargetDependency section */

/* Begin XCBuildConfiguration section */
		841C2907305C432A00E79B0F /* Debug configuration for PBXProject "Clocks" */ = {
			isa = XCBuildConfiguration;
			buildSettings = {
				ALWAYS_SEARCH_USER_PATHS = NO;
				ASSETCATALOG_COMPILER_GENERATE_SWIFT_ASSET_SYMBOL_EXTENSIONS = YES;
				CLANG_ANALYZER_NONNULL = YES;
				CLANG_ANALYZER_NUMBER_OBJECT_CONVERSION = YES_AGGRESSIVE;
				CLANG_CXX_LANGUAGE_STANDARD = "gnu++20";
				CLANG_ENABLE_MODULES = YES;
				CLANG_ENABLE_OBJC_ARC = YES;
				CLANG_ENABLE_OBJC_WEAK = YES;
				CLANG_WARN_BLOCK_CAPTURE_AUTORELEASING = YES;
				CLANG_WARN_BOOL_CONVERSION = YES;
				CLANG_WARN_COMMA = YES;
				CLANG_WARN_CONSTANT_CONVERSION = YES;
				CLANG_WARN_DEPRECATED_OBJC_IMPLEMENTATIONS = YES;
				CLANG_WARN_DIRECT_OBJC_ISA_USAGE = YES_ERROR;
				CLANG_WARN_DOCUMENTATION_COMMENTS = YES;
				CLANG_WARN_EMPTY_BODY = YES;
				CLANG_WARN_ENUM_CONVERSION = YES;
				CLANG_WARN_INFINITE_RECURSION = YES;
				CLANG_WARN_INT_CONVERSION = YES;
				CLANG_WARN_NON_LITERAL_NULL_CONVERSION = YES;
				CLANG_WARN_OBJC_IMPLICIT_RETAIN_SELF = YES;
				CLANG_WARN_OBJC_LITERAL_CONVERSION = YES;
				CLANG_WARN_OBJC_ROOT_CLASS = YES_ERROR;
				CLANG_WARN_QUOTED_INCLUDE_IN_FRAMEWORK_HEADER = YES;
				CLANG_WARN_RANGE_LOOP_ANALYSIS = YES;
				CLANG_WARN_STRICT_PROTOTYPES = YES;
				CLANG_WARN_SUSPICIOUS_MOVE = YES;
				CLANG_WARN_UNGUARDED_AVAILABILITY = YES_AGGRESSIVE;
				CLANG_WARN_UNREACHABLE_CODE = YES;
				CLANG_WARN__DUPLICATE_METHOD_MATCH = YES;
				COPY_PHASE_STRIP = NO;
				DEBUG_INFORMATION_FORMAT = dwarf;
				DEVELOPMENT_TEAM = UUUX6GX5HD;
				ENABLE_STRICT_OBJC_MSGSEND = YES;
				ENABLE_TESTABILITY = YES;
				ENABLE_USER_SCRIPT_SANDBOXING = YES;
				GCC_C_LANGUAGE_STANDARD = gnu17;
				GCC_DYNAMIC_NO_PIC = NO;
				GCC_NO_COMMON_BLOCKS = YES;
				GCC_OPTIMIZATION_LEVEL = 0;
				GCC_PREPROCESSOR_DEFINITIONS = (
					"DEBUG=1",
					"$(inherited)",
				);
				GCC_WARN_64_TO_32_BIT_CONVERSION = YES;
				GCC_WARN_ABOUT_RETURN_TYPE = YES_ERROR;
				GCC_WARN_UNDECLARED_SELECTOR = YES;
				GCC_WARN_UNINITIALIZED_AUTOS = YES_AGGRESSIVE;
				GCC_WARN_UNUSED_FUNCTION = YES;
				GCC_WARN_UNUSED_VARIABLE = YES;
				IPHONEOS_DEPLOYMENT_TARGET = 27.0;
				LOCALIZATION_PREFERS_STRING_CATALOGS = YES;
				MTL_ENABLE_DEBUG_INFO = INCLUDE_SOURCE;
				MTL_FAST_MATH = YES;
				ONLY_ACTIVE_ARCH = YES;
				SDKROOT = iphoneos;
				SWIFT_ACTIVE_COMPILATION_CONDITIONS = "DEBUG $(inherited)";
				SWIFT_OPTIMIZATION_LEVEL = "-Onone";
			};
			name = Debug;
		};
		841C2908305C432A00E79B0F /* Release configuration for PBXProject "Clocks" */ = {
			isa = XCBuildConfiguration;
			buildSettings = {
				ALWAYS_SEARCH_USER_PATHS = NO;
				ASSETCATALOG_COMPILER_GENERATE_SWIFT_ASSET_SYMBOL_EXTENSIONS = YES;
				CLANG_ANALYZER_NONNULL = YES;
				CLANG_ANALYZER_NUMBER_OBJECT_CONVERSION = YES_AGGRESSIVE;
				CLANG_CXX_LANGUAGE_STANDARD = "gnu++20";
				CLANG_ENABLE_MODULES = YES;
				CLANG_ENABLE_OBJC_ARC = YES;
				CLANG_ENABLE_OBJC_WEAK = YES;
				CLANG_WARN_BLOCK_CAPTURE_AUTORELEASING = YES;
				CLANG_WARN_BOOL_CONVERSION = YES;
				CLANG_WARN_COMMA = YES;
				CLANG_WARN_CONSTANT_CONVERSION = YES;
				CLANG_WARN_DEPRECATED_OBJC_IMPLEMENTATIONS = YES;
				CLANG_WARN_DIRECT_OBJC_ISA_USAGE = YES_ERROR;
				CLANG_WARN_DOCUMENTATION_COMMENTS = YES;
				CLANG_WARN_EMPTY_BODY = YES;
				CLANG_WARN_ENUM_CONVERSION = YES;
				CLANG_WARN_INFINITE_RECURSION = YES;
				CLANG_WARN_INT_CONVERSION = YES;
				CLANG_WARN_NON_LITERAL_NULL_CONVERSION = YES;
				CLANG_WARN_OBJC_IMPLICIT_RETAIN_SELF = YES;
				CLANG_WARN_OBJC_LITERAL_CONVERSION = YES;
				CLANG_WARN_OBJC_ROOT_CLASS = YES_ERROR;
				CLANG_WARN_QUOTED_INCLUDE_IN_FRAMEWORK_HEADER = YES;
				CLANG_WARN_RANGE_LOOP_ANALYSIS = YES;
				CLANG_WARN_STRICT_PROTOTYPES = YES;
				CLANG_WARN_SUSPICIOUS_MOVE = YES;
				CLANG_WARN_UNGUARDED_AVAILABILITY = YES_AGGRESSIVE;
				CLANG_WARN_UNREACHABLE_CODE = YES;
				CLANG_WARN__DUPLICATE_METHOD_MATCH = YES;
				COPY_PHASE_STRIP = NO;
				DEBUG_INFORMATION_FORMAT = "dwarf-with-dsym";
				DEVELOPMENT_TEAM = UUUX6GX5HD;
				ENABLE_NS_ASSERTIONS = NO;
				ENABLE_STRICT_OBJC_MSGSEND = YES;
				ENABLE_USER_SCRIPT_SANDBOXING = YES;
				GCC_C_LANGUAGE_STANDARD = gnu17;
				GCC_NO_COMMON_BLOCKS = YES;
				GCC_WARN_64_TO_32_BIT_CONVERSION = YES;
				GCC_WARN_ABOUT_RETURN_TYPE = YES_ERROR;
				GCC_WARN_UNDECLARED_SELECTOR = YES;
				GCC_WARN_UNINITIALIZED_AUTOS = YES_AGGRESSIVE;
				GCC_WARN_UNUSED_FUNCTION = YES;
				GCC_WARN_UNUSED_VARIABLE = YES;
				IPHONEOS_DEPLOYMENT_TARGET = 27.0;
				LOCALIZATION_PREFERS_STRING_CATALOGS = YES;
				MTL_ENABLE_DEBUG_INFO = NO;
				MTL_FAST_MATH = YES;
				SDKROOT = iphoneos;
				SWIFT_COMPILATION_MODE = wholemodule;
				VALIDATE_PRODUCT = YES;
			};
			name = Release;
		};
		841C290A305C432A00E79B0F /* Debug configuration for PBXNativeTarget "Clocks" */ = {
			isa = XCBuildConfiguration;
			buildSettings = {
				ASSETCATALOG_COMPILER_APPICON_NAME = AppIcon;
				ASSETCATALOG_COMPILER_GLOBAL_ACCENT_COLOR_NAME = AccentColor;
				CODE_SIGN_STYLE = Automatic;
				CURRENT_PROJECT_VERSION = 1;
				DEVELOPMENT_TEAM = UUUX6GX5HD;
				ENABLE_PREVIEWS = YES;
				GENERATE_INFOPLIST_FILE = YES;
				INFOPLIST_KEY_UIApplicationSceneManifest_Generation = YES;
				INFOPLIST_KEY_UIApplicationSupportsIndirectInputEvents = YES;
				INFOPLIST_KEY_UILaunchScreen_Generation = YES;
				INFOPLIST_KEY_UISupportedInterfaceOrientations_iPad = "UIInterfaceOrientationPortrait UIInterfaceOrientationPortraitUpsideDown UIInterfaceOrientationLandscapeLeft UIInterfaceOrientationLandscapeRight";
				INFOPLIST_KEY_UISupportedInterfaceOrientations_iPhone = "UIInterfaceOrientationPortrait UIInterfaceOrientationLandscapeLeft UIInterfaceOrientationLandscapeRight";
				LD_RUNPATH_SEARCH_PATHS = (
					"$(inherited)",
					"@executable_path/Frameworks",
				);
				MARKETING_VERSION = 1.0;
				PRODUCT_BUNDLE_IDENTIFIER = baroxdev.Clocks;
				PRODUCT_NAME = "$(TARGET_NAME)";
				STRING_CATALOG_GENERATE_SYMBOLS = YES;
				SWIFT_APPROACHABLE_CONCURRENCY = YES;
				SWIFT_DEFAULT_ACTOR_ISOLATION = MainActor;
				SWIFT_EMIT_LOC_STRINGS = YES;
				SWIFT_UPCOMING_FEATURE_MEMBER_IMPORT_VISIBILITY = YES;
				SWIFT_VERSION = 5.0;
				TARGETED_DEVICE_FAMILY = "1,2";
			};
			name = Debug;
		};
		841C290B305C432A00E79B0F /* Release configuration for PBXNativeTarget "Clocks" */ = {
			isa = XCBuildConfiguration;
			buildSettings = {
				ASSETCATALOG_COMPILER_APPICON_NAME = AppIcon;
				ASSETCATALOG_COMPILER_GLOBAL_ACCENT_COLOR_NAME = AccentColor;
				CODE_SIGN_STYLE = Automatic;
				CURRENT_PROJECT_VERSION = 1;
				DEVELOPMENT_TEAM = UUUX6GX5HD;
				ENABLE_PREVIEWS = YES;
				GENERATE_INFOPLIST_FILE = YES;
				INFOPLIST_KEY_UIApplicationSceneManifest_Generation = YES;
				INFOPLIST_KEY_UIApplicationSupportsIndirectInputEvents = YES;
				INFOPLIST_KEY_UILaunchScreen_Generation = YES;
				INFOPLIST_KEY_UISupportedInterfaceOrientations_iPad = "UIInterfaceOrientationPortrait UIInterfaceOrientationPortraitUpsideDown UIInterfaceOrientationLandscapeLeft UIInterfaceOrientationLandscapeRight";
				INFOPLIST_KEY_UISupportedInterfaceOrientations_iPhone = "UIInterfaceOrientationPortrait UIInterfaceOrientationLandscapeLeft UIInterfaceOrientationLandscapeRight";
				LD_RUNPATH_SEARCH_PATHS = (
					"$(inherited)",
					"@executable_path/Frameworks",
				);
				MARKETING_VERSION = 1.0;
				PRODUCT_BUNDLE_IDENTIFIER = baroxdev.Clocks;
				PRODUCT_NAME = "$(TARGET_NAME)";
				STRING_CATALOG_GENERATE_SYMBOLS = YES;
				SWIFT_APPROACHABLE_CONCURRENCY = YES;
				SWIFT_DEFAULT_ACTOR_ISOLATION = MainActor;
				SWIFT_EMIT_LOC_STRINGS = YES;
				SWIFT_UPCOMING_FEATURE_MEMBER_IMPORT_VISIBILITY = YES;
				SWIFT_VERSION = 5.0;
				TARGETED_DEVICE_FAMILY = "1,2";
			};
			name = Release;
		};
		841C290D305C432A00E79B0F /* Debug configuration for PBXNativeTarget "ClocksTests" */ = {
			isa = XCBuildConfiguration;
			buildSettings = {
				BUNDLE_LOADER = "$(TEST_HOST)";
				CODE_SIGN_STYLE = Automatic;
				CURRENT_PROJECT_VERSION = 1;
				DEVELOPMENT_TEAM = UUUX6GX5HD;
				GENERATE_INFOPLIST_FILE = YES;
				IPHONEOS_DEPLOYMENT_TARGET = 27.0;
				MARKETING_VERSION = 1.0;
				PRODUCT_BUNDLE_IDENTIFIER = baroxdev.ClocksTests;
				PRODUCT_NAME = "$(TARGET_NAME)";
				STRING_CATALOG_GENERATE_SYMBOLS = NO;
				SWIFT_APPROACHABLE_CONCURRENCY = YES;
				SWIFT_EMIT_LOC_STRINGS = NO;
				SWIFT_UPCOMING_FEATURE_MEMBER_IMPORT_VISIBILITY = YES;
				SWIFT_VERSION = 5.0;
				TARGETED_DEVICE_FAMILY = "1,2";
				TEST_HOST = "$(BUILT_PRODUCTS_DIR)/Clocks.app/$(BUNDLE_EXECUTABLE_FOLDER_PATH)/Clocks";
			};
			name = Debug;
		};
		841C290E305C432A00E79B0F /* Release configuration for PBXNativeTarget "ClocksTests" */ = {
			isa = XCBuildConfiguration;
			buildSettings = {
				BUNDLE_LOADER = "$(TEST_HOST)";
				CODE_SIGN_STYLE = Automatic;
				CURRENT_PROJECT_VERSION = 1;
				DEVELOPMENT_TEAM = UUUX6GX5HD;
				GENERATE_INFOPLIST_FILE = YES;
				IPHONEOS_DEPLOYMENT_TARGET = 27.0;
				MARKETING_VERSION = 1.0;
				PRODUCT_BUNDLE_IDENTIFIER = baroxdev.ClocksTests;
				PRODUCT_NAME = "$(TARGET_NAME)";
				STRING_CATALOG_GENERATE_SYMBOLS = NO;
				SWIFT_APPROACHABLE_CONCURRENCY = YES;
				SWIFT_EMIT_LOC_STRINGS = NO;
				SWIFT_UPCOMING_FEATURE_MEMBER_IMPORT_VISIBILITY = YES;
				SWIFT_VERSION = 5.0;
				TARGETED_DEVICE_FAMILY = "1,2";
				TEST_HOST = "$(BUILT_PRODUCTS_DIR)/Clocks.app/$(BUNDLE_EXECUTABLE_FOLDER_PATH)/Clocks";
			};
			name = Release;
		};
		841C2910305C432A00E79B0F /* Debug configuration for PBXNativeTarget "ClocksUITests" */ = {
			isa = XCBuildConfiguration;
			buildSettings = {
				CODE_SIGN_STYLE = Automatic;
				CURRENT_PROJECT_VERSION = 1;
				DEVELOPMENT_TEAM = UUUX6GX5HD;
				GENERATE_INFOPLIST_FILE = YES;
				MARKETING_VERSION = 1.0;
				PRODUCT_BUNDLE_IDENTIFIER = baroxdev.ClocksUITests;
				PRODUCT_NAME = "$(TARGET_NAME)";
				STRING_CATALOG_GENERATE_SYMBOLS = NO;
				SWIFT_APPROACHABLE_CONCURRENCY = YES;
				SWIFT_EMIT_LOC_STRINGS = NO;
				SWIFT_UPCOMING_FEATURE_MEMBER_IMPORT_VISIBILITY = YES;
				SWIFT_VERSION = 5.0;
				TARGETED_DEVICE_FAMILY = "1,2";
				TEST_TARGET_NAME = Clocks;
			};
			name = Debug;
		};
		841C2911305C432A00E79B0F /* Release configuration for PBXNativeTarget "ClocksUITests" */ = {
			isa = XCBuildConfiguration;
			buildSettings = {
				CODE_SIGN_STYLE = Automatic;
				CURRENT_PROJECT_VERSION = 1;
				DEVELOPMENT_TEAM = UUUX6GX5HD;
				GENERATE_INFOPLIST_FILE = YES;
				MARKETING_VERSION = 1.0;
				PRODUCT_BUNDLE_IDENTIFIER = baroxdev.ClocksUITests;
				PRODUCT_NAME = "$(TARGET_NAME)";
				STRING_CATALOG_GENERATE_SYMBOLS = NO;
				SWIFT_APPROACHABLE_CONCURRENCY = YES;
				SWIFT_EMIT_LOC_STRINGS = NO;
				SWIFT_UPCOMING_FEATURE_MEMBER_IMPORT_VISIBILITY = YES;
				SWIFT_VERSION = 5.0;
				TARGETED_DEVICE_FAMILY = "1,2";
				TEST_TARGET_NAME = Clocks;
			};
			name = Release;
		};
/* End XCBuildConfiguration section */

/* Begin XCConfigurationList section */
		841C28E5305C432800E79B0F /* Build configuration list for PBXProject "Clocks" */ = {
			isa = XCConfigurationList;
			buildConfigurations = (
				841C2907305C432A00E79B0F /* Debug configuration for PBXProject "Clocks" */,
				841C2908305C432A00E79B0F /* Release configuration for PBXProject "Clocks" */,
			);
			defaultConfigurationName = Release;
		};
		841C2909305C432A00E79B0F /* Build configuration list for PBXNativeTarget "Clocks" */ = {
			isa = XCConfigurationList;
			buildConfigurations = (
				841C290A305C432A00E79B0F /* Debug configuration for PBXNativeTarget "Clocks" */,
				841C290B305C432A00E79B0F /* Release configuration for PBXNativeTarget "Clocks" */,
			);
			defaultConfigurationName = Release;
		};
		841C290C305C432A00E79B0F /* Build configuration list for PBXNativeTarget "ClocksTests" */ = {
			isa = XCConfigurationList;
			buildConfigurations = (
				841C290D305C432A00E79B0F /* Debug configuration for PBXNativeTarget "ClocksTests" */,
				841C290E305C432A00E79B0F /* Release configuration for PBXNativeTarget "ClocksTests" */,
			);
			defaultConfigurationName = Release;
		};
		841C290F305C432A00E79B0F /* Build configuration list for PBXNativeTarget "ClocksUITests" */ = {
			isa = XCConfigurationList;
			buildConfigurations = (
				841C2910305C432A00E79B0F /* Debug configuration for PBXNativeTarget "ClocksUITests" */,
				841C2911305C432A00E79B0F /* Release configuration for PBXNativeTarget "ClocksUITests" */,
			);
			defaultConfigurationName = Release;
		};
/* End XCConfigurationList section */
	};
	rootObject = 841C28E2305C432800E79B0F /* Project object */;
	validationLevel = 1;
}
